Microsoft Visual Studio Solution File, Format Version 10.00
# Visual Studio 2008
Project("{FAE04EC0-301F-11D3-BF4B-00C04F79EFBC}") = "ccnet.SvnRevisionLabeller.plugin", "src\ccnet.SvnRevisionLabeller.plugin\ccnet.SvnRevisionLabeller.plugin.csproj", "{A0CA66FE-0C8D-4CD1-AF45-EA6E18D57ACC}"
EndProject
Project("{FAE04EC0-301F-11D3-BF4B-00C04F79EFBC}") = "ccnet.SvnRevisionLabeller.tests", "test\ccnet.SvnRevisionLabeller.tests\ccnet.SvnRevisionLabeller.tests.csproj", "{7DEB7A0F-48E6-43AD-9964-D31DC2BA6FE0}"
EndProject
Global
	GlobalSection(SolutionConfigurationPlatforms) = preSolution
		Debug|Any CPU = Debug|Any CPU
		Release|Any CPU = Release|Any CPU
	EndGlobalSection
	GlobalSection(ProjectConfigurationPlatforms) = postSolution
		{A0CA66FE-0C8D-4CD1-AF45-EA6E18D57ACC}.Debug|Any CPU.ActiveCfg = Debug|Any CPU
		{A0CA66FE-0C8D-4CD1-AF45-EA6E18D57ACC}.Debug|Any CPU.Build.0 = Debug|Any CPU
		{A0CA66FE-0C8D-4CD1-AF45-EA6E18D57ACC}.Release|Any CPU.ActiveCfg = Release|Any CPU
		{A0CA66FE-0C8D-4CD1-AF45-EA6E18D57ACC}.Release|Any CPU.Build.0 = Release|Any CPU
		{7DEB7A0F-48E6-43AD-9964-D31DC2BA6FE0}.Debug|Any CPU.ActiveCfg = Debug|Any CPU
		{7DEB7A0F-48E6-43AD-9964-D31DC2BA6FE0}.Debug|Any CPU.Build.0 = Debug|Any CPU
		{7DEB7A0F-48E6-43AD-9964-D31DC2BA6FE0}.Release|Any CPU.ActiveCfg = Release|Any CPU
		{7DEB7A0F-48E6-43AD-9964-D31DC2BA6FE0}.Release|Any CPU.Build.0 = Release|Any CPU
	EndGlobalSection
	GlobalSection(SolutionProperties) = preSolution
		HideSolutionNode = FALSE
	EndGlobalSection
EndGlobal
